PODS:
  - EyezonSDK (1.0.7):
    - lottie-ios
    - SwiftyJSON
  - lottie-ios (3.5.0)
  - SwiftyJSON (5.0.1)

DEPENDENCIES:
  - EyezonSDK

SPEC REPOS:
  trunk:
    - EyezonSDK
    - lottie-ios
    - SwiftyJSON

SPEC CHECKSUMS:
  EyezonSDK: 8de0adf0332ea41e1b7f44648541a3b99efde424
  lottie-ios: c55158d67d0629a260625cc2ded2052b829e3c3e
  SwiftyJSON: 2f33a42c6fbc52764d96f13368585094bfd8aa5e

PODFILE CHECKSUM: f59f90b38fbcdf74997cf80d35a4378c2970b8d9

COCOAPODS: 1.11.3
