PODS:
  - lottie-ios (3.4.3)
  - SwiftyJSON (5.0.1)

DEPENDENCIES:
  - lottie-ios
  - SwiftyJSON

SPEC REPOS:
  trunk:
    - lottie-ios
    - SwiftyJSON

SPEC CHECKSUMS:
  lottie-ios: 9ae750cdc7820fecbd3c2f0cfc493038208fcdc4
  SwiftyJSON: 2f33a42c6fbc52764d96f13368585094bfd8aa5e

PODFILE CHECKSUM: 516dd2887258b52d8388a7c6819c53fcd190a51a

COCOAPODS: 1.11.3
