PODS:
  - lottie-ios (3.5.0)
  - SwiftyJSON (5.0.1)

DEPENDENCIES:
  - lottie-ios
  - SwiftyJSON

SPEC REPOS:
  trunk:
    - lottie-ios
    - SwiftyJSON

SPEC CHECKSUMS:
  lottie-ios: c55158d67d0629a260625cc2ded2052b829e3c3e
  SwiftyJSON: 2f33a42c6fbc52764d96f13368585094bfd8aa5e

PODFILE CHECKSUM: 516dd2887258b52d8388a7c6819c53fcd190a51a

COCOAPODS: 1.11.3
